
Microsoft Visual Studio Solution File, Format Version 12.00
Project("{FAE04EC0-301F-11D3-BF4B-00C04F79EFBC}") = "SocialApp.API", "SocialApp.API\SocialApp.API.csproj", "{5D627401-67FF-488B-AF6A-832415FCA521}"
EndProject
Project("{FAE04EC0-301F-11D3-BF4B-00C04F79EFBC}") = "SocialApp.Test", "SocialApp.Test\SocialApp.Test.csproj", "{F7801348-3450-4E93-BBDE-9767DA5F5F12}"
EndProject
Global
	GlobalSection(SolutionConfigurationPlatforms) = preSolution
		Debug|Any CPU = Debug|Any CPU
		Release|Any CPU = Release|Any CPU
	EndGlobalSection
	GlobalSection(ProjectConfigurationPlatforms) = postSolution
		{5D627401-67FF-488B-AF6A-832415FCA521}.Debug|Any CPU.ActiveCfg = Debug|Any CPU
		{5D627401-67FF-488B-AF6A-832415FCA521}.Debug|Any CPU.Build.0 = Debug|Any CPU
		{5D627401-67FF-488B-AF6A-832415FCA521}.Release|Any CPU.ActiveCfg = Release|Any CPU
		{5D627401-67FF-488B-AF6A-832415FCA521}.Release|Any CPU.Build.0 = Release|Any CPU
		{F7801348-3450-4E93-BBDE-9767DA5F5F12}.Debug|Any CPU.ActiveCfg = Debug|Any CPU
		{F7801348-3450-4E93-BBDE-9767DA5F5F12}.Debug|Any CPU.Build.0 = Debug|Any CPU
		{F7801348-3450-4E93-BBDE-9767DA5F5F12}.Release|Any CPU.ActiveCfg = Release|Any CPU
		{F7801348-3450-4E93-BBDE-9767DA5F5F12}.Release|Any CPU.Build.0 = Release|Any CPU
	EndGlobalSection
EndGlobal
